// !$*UTF8*$!
{
	archiveVersion = 1;
	classes = {
	};
	objectVersion = 46;
	objects = {

/* Begin PBXBuildFile section */
		8F9A10821E96F49E004D28EF /* AppDelegate.swift in Sources */ = {isa = PBXBuildFile; fileRef = 8F9A10811E96F49E004D28EF /* AppDelegate.swift */; };
		8F9A10841E96F49E004D28EF /* ViewController.swift in Sources */ = {isa = PBXBuildFile; fileRef = 8F9A10831E96F49E004D28EF /* ViewController.swift */; };
		8F9A10871E96F49E004D28EF /* Main.storyboard in Resources */ = {isa = PBXBuildFile; fileRef = 8F9A10851E96F49E004D28EF /* Main.storyboard */; };
		8F9A108A1E96F49E004D28EF /* iYelp.xcdatamodeld in Sources */ = {isa = PBXBuildFile; fileRef = 8F9A10881E96F49E004D28EF /* iYelp.xcdatamodeld */; };
		8F9A108C1E96F49E004D28EF /* Assets.xcassets in Resources */ = {isa = PBXBuildFile; fileRef = 8F9A108B1E96F49E004D28EF /* Assets.xcassets */; };
		8F9A108F1E96F49E004D28EF /* LaunchScreen.storyboard in Resources */ = {isa = PBXBuildFile; fileRef = 8F9A108D1E96F49E004D28EF /* LaunchScreen.storyboard */; };
/* End PBXBuildFile section */

/* Begin PBXFileReference section */
		8F9A107E1E96F49E004D28EF /* iYelp.app */ = {isa = PBXFileReference; explicitFileType = wrapper.application; includeInIndex = 0; path = iYelp.app; sourceTree = BUILT_PRODUCTS_DIR; };
		8F9A10811E96F49E004D28EF /* AppDelegate.swift */ = {isa = PBXFileReference; lastKnownFileType = sourcecode.swift; path = AppDelegate.swift; sourceTree = "<group>"; };
		8F9A10831E96F49E004D28EF /* ViewController.swift */ = {isa = PBXFileReference; lastKnownFileType = sourcecode.swift; path = ViewController.swift; sourceTree = "<group>"; };
		8F9A10861E96F49E004D28EF /* Base */ = {isa = PBXFileReference; lastKnownFileType = file.storyboard; name = Base; path = Base.lproj/Main.storyboard; sourceTree = "<group>"; };
		8F9A10891E96F49E004D28EF /* iYelp.xcdatamodel */ = {isa = PBXFileReference; lastKnownFileType = wrapper.xcdatamodel; path = iYelp.xcdatamodel; sourceTree = "<group>"; };
		8F9A108B1E96F49E004D28EF /* Assets.xcassets */ = {isa = PBXFileReference; lastKnownFileType = folder.assetcatalog; path = Assets.xcassets; sourceTree = "<group>"; };
		8F9A108E1E96F49E004D28EF /* Base */ = {isa = PBXFileReference; lastKnownFileType = file.storyboard; name = Base; path = Base.lproj/LaunchScreen.storyboard; sourceTree = "<group>"; };
		8F9A10901E96F49E004D28EF /* Info.plist */ = {isa = PBXFileReference; lastKnownFileType = text.plist.xml; path = Info.plist; sourceTree = "<group>"; };
/* End PBXFileReference section */

/* Begin PBXFrameworksBuildPhase section */
		8F9A107B1E96F49E004D28EF /* Frameworks */ = {
			isa = PBXFrameworksBuildPhase;
			buildActionMask = 2147483647;
			files = (
			);
			runOnlyForDeploymentPostprocessing = 0;
		};
/* End PBXFrameworksBuildPhase section */

/* Begin PBXGroup section */
		8F9A10751E96F49E004D28EF = {
			isa = PBXGroup;
			children = (
				8F9A10801E96F49E004D28EF /* iYelp */,
				8F9A107F1E96F49E004D28EF /* Products */,
			);
			sourceTree = "<group>";
		};
		8F9A107F1E96F49E004D28EF /* Products */ = {
			isa = PBXGroup;
			children = (
				8F9A107E1E96F49E004D28EF /* iYelp.app */,
			);
			name = Products;
			sourceTree = "<group>";
		};
		8F9A10801E96F49E004D28EF /* iYelp */ = {
			isa = PBXGroup;
			children = (
				8F9A10811E96F49E004D28EF /* AppDelegate.swift */,
				8F9A10831E96F49E004D28EF /* ViewController.swift */,
				8F9A10851E96F49E004D28EF /* Main.storyboard */,
				8F9A108B1E96F49E004D28EF /* Assets.xcassets */,
				8F9A108D1E96F49E004D28EF /* LaunchScreen.storyboard */,
				8F9A10901E96F49E004D28EF /* Info.plist */,
				8F9A10881E96F49E004D28EF /* iYelp.xcdatamodeld */,
			);
			path = iYelp;
			sourceTree = "<group>";
		};
/* End PBXGroup section */

/* Begin PBXNativeTarget section */
		8F9A107D1E96F49E004D28EF /* iYelp */ = {
			isa = PBXNativeTarget;
			buildConfigurationList = 8F9A10931E96F49E004D28EF /* Build configuration list for PBXNativeTarget "iYelp" */;
			buildPhases = (
				8F9A107A1E96F49E004D28EF /* Sources */,
				8F9A107B1E96F49E004D28EF /* Frameworks */,
				8F9A107C1E96F49E004D28EF /* Resources */,
			);
			buildRules = (
			);
			dependencies = (
			);
			name = iYelp;
			productName = iYelp;
			productReference = 8F9A107E1E96F49E004D28EF /* iYelp.app */;
			productType = "com.apple.product-type.application";
		};
/* End PBXNativeTarget section */

/* Begin PBXProject section */
		8F9A10761E96F49E004D28EF /* Project object */ = {
			isa = PBXProject;
			attributes = {
				LastSwiftUpdateCheck = 0820;
				LastUpgradeCheck = 0820;
				ORGANIZATIONNAME = "Anusha Kopparam";
				TargetAttributes = {
					8F9A107D1E96F49E004D28EF = {
						CreatedOnToolsVersion = 8.2.1;
						ProvisioningStyle = Automatic;
					};
				};
			};
			buildConfigurationList = 8F9A10791E96F49E004D28EF /* Build configuration list for PBXProject "iYelp" */;
			compatibilityVersion = "Xcode 3.2";
			developmentRegion = English;
			hasScannedForEncodings = 0;
			knownRegions = (
				en,
				Base,
			);
			mainGroup = 8F9A10751E96F49E004D28EF;
			productRefGroup = 8F9A107F1E96F49E004D28EF /* Products */;
			projectDirPath = "";
			projectRoot = "";
			targets = (
				8F9A107D1E96F49E004D28EF /* iYelp */,
			);
		};
/* End PBXProject section */

/* Begin PBXResourcesBuildPhase section */
		8F9A107C1E96F49E004D28EF /* Resources */ = {
			isa = PBXResourcesBuildPhase;
			buildActionMask = 2147483647;
			files = (
				8F9A108F1E96F49E004D28EF /* LaunchScreen.storyboard in Resources */,
				8F9A108C1E96F49E004D28EF /* Assets.xcassets in Resources */,
				8F9A10871E96F49E004D28EF /* Main.storyboard in Resources */,
			);
			runOnlyForDeploymentPostprocessing = 0;
		};
/* End PBXResourcesBuildPhase section */

/* Begin PBXSourcesBuildPhase section */
		8F9A107A1E96F49E004D28EF /* Sources */ = {
			isa = PBXSourcesBuildPhase;
			buildActionMask = 2147483647;
			files = (
				8F9A10841E96F49E004D28EF /* ViewController.swift in Sources */,
				8F9A108A1E96F49E004D28EF /* iYelp.xcdatamodeld in Sources */,
				8F9A10821E96F49E004D28EF /* AppDelegate.swift in Sources */,
			);
			runOnlyForDeploymentPostprocessing = 0;
		};
/* End PBXSourcesBuildPhase section */

/* Begin PBXVariantGroup section */
		8F9A10851E96F49E004D28EF /* Main.storyboard */ = {
			isa = PBXVariantGroup;
			children = (
				8F9A10861E96F49E004D28EF /* Base */,
			);
			name = Main.storyboard;
			sourceTree = "<group>";
		};
		8F9A108D1E96F49E004D28EF /* LaunchScreen.storyboard */ = {
			isa = PBXVariantGroup;
			children = (
				8F9A108E1E96F49E004D28EF /* Base */,
			);
			name = LaunchScreen.storyboard;
			sourceTree = "<group>";
		};
/* End PBXVariantGroup section */

/* Begin XCBuildConfiguration section */
		8F9A10911E96F49E004D28EF /* Debug */ = {
			isa = XCBuildConfiguration;
			buildSettings = {
				ALWAYS_SEARCH_USER_PATHS = NO;
				CLANG_ANALYZER_NONNULL = YES;
				CLANG_CXX_LANGUAGE_STANDARD = "gnu++0x";
				CLANG_CXX_LIBRARY = "libc++";
				CLANG_ENABLE_MODULES = YES;
				CLANG_ENABLE_OBJC_ARC = YES;
				CLANG_WARN_BOOL_CONVERSION = YES;
				CLANG_WARN_CONSTANT_CONVERSION = YES;
				CLANG_WARN_DIRECT_OBJC_ISA_USAGE = YES_ERROR;
				CLANG_WARN_DOCUMENTATION_COMMENTS = YES;
				CLANG_WARN_EMPTY_BODY = YES;
				CLANG_WARN_ENUM_CONVERSION = YES;
				CLANG_WARN_INFINITE_RECURSION = YES;
				CLANG_WARN_INT_CONVERSION = YES;
				CLANG_WARN_OBJC_ROOT_CLASS = YES_ERROR;
				CLANG_WARN_SUSPICIOUS_MOVE = YES;
				CLANG_WARN_UNREACHABLE_CODE = YES;
				CLANG_WARN__DUPLICATE_METHOD_MATCH = YES;
				"CODE_SIGN_IDENTITY[sdk=iphoneos*]" = "iPhone Developer";
				COPY_PHASE_STRIP = NO;
				DEBUG_INFORMATION_FORMAT = dwarf;
				ENABLE_STRICT_OBJC_MSGSEND = YES;
				ENABLE_TESTABILITY = YES;
				GCC_C_LANGUAGE_STANDARD = gnu99;
				GCC_DYNAMIC_NO_PIC = NO;
				GCC_NO_COMMON_BLOCKS = YES;
				GCC_OPTIMIZATION_LEVEL = 0;
				GCC_PREPROCESSOR_DEFINITIONS = (
					"DEBUG=1",
					"$(inherited)",
				);
				GCC_WARN_64_TO_32_BIT_CONVERSION = YES;
				GCC_WARN_ABOUT_RETURN_TYPE = YES_ERROR;
				GCC_WARN_UNDECLARED_SELECTOR = YES;
				GCC_WARN_UNINITIALIZED_AUTOS = YES_AGGRESSIVE;
				GCC_WARN_UNUSED_FUNCTION = YES;
				GCC_WARN_UNUSED_VARIABLE = YES;
				IPHONEOS_DEPLOYMENT_TARGET = 10.2;
				MTL_ENABLE_DEBUG_INFO = YES;
				ONLY_ACTIVE_ARCH = YES;
				SDKROOT = iphoneos;
				SWIFT_ACTIVE_COMPILATION_CONDITIONS = DEBUG;
				SWIFT_OPTIMIZATION_LEVEL = "-Onone";
				TARGETED_DEVICE_FAMILY = "1,2";
			};
			name = Debug;
		};
		8F9A10921E96F49E004D28EF /* Release */ = {
			isa = XCBuildConfiguration;
			buildSettings = {
				ALWAYS_SEARCH_USER_PATHS = NO;
				CLANG_ANALYZER_NONNULL = YES;
				CLANG_CXX_LANGUAGE_STANDARD = "gnu++0x";
				CLANG_CXX_LIBRARY = "libc++";
				CLANG_ENABLE_MODULES = YES;
				CLANG_ENABLE_OBJC_ARC = YES;
				CLANG_WARN_BOOL_CONVERSION = YES;
				CLANG_WARN_CONSTANT_CONVERSION = YES;
				CLANG_WARN_DIRECT_OBJC_ISA_USAGE = YES_ERROR;
				CLANG_WARN_DOCUMENTATION_COMMENTS = YES;
				CLANG_WARN_EMPTY_BODY = YES;
				CLANG_WARN_ENUM_CONVERSION = YES;
				CLANG_WARN_INFINITE_RECURSION = YES;
				CLANG_WARN_INT_CONVERSION = YES;
				CLANG_WARN_OBJC_ROOT_CLASS = YES_ERROR;
				CLANG_WARN_SUSPICIOUS_MOVE = YES;
				CLANG_WARN_UNREACHABLE_CODE = YES;
				CLANG_WARN__DUPLICATE_METHOD_MATCH = YES;
				"CODE_SIGN_IDENTITY[sdk=iphoneos*]" = "iPhone Developer";
				COPY_PHASE_STRIP = NO;
				DEBUG_INFORMATION_FORMAT = "dwarf-with-dsym";
				ENABLE_NS_ASSERTIONS = NO;
				ENABLE_STRICT_OBJC_MSGSEND = YES;
				GCC_C_LANGUAGE_STANDARD = gnu99;
				GCC_NO_COMMON_BLOCKS = YES;
				GCC_WARN_64_TO_32_BIT_CONVERSION = YES;
				GCC_WARN_ABOUT_RETURN_TYPE = YES_ERROR;
				GCC_WARN_UNDECLARED_SELECTOR = YES;
				GCC_WARN_UNINITIALIZED_AUTOS = YES_AGGRESSIVE;
				GCC_WARN_UNUSED_FUNCTION = YES;
				GCC_WARN_UNUSED_VARIABLE = YES;
				IPHONEOS_DEPLOYMENT_TARGET = 10.2;
				MTL_ENABLE_DEBUG_INFO = NO;
				SDKROOT = iphoneos;
				SWIFT_OPTIMIZATION_LEVEL = "-Owholemodule";
				TARGETED_DEVICE_FAMILY = "1,2";
				VALIDATE_PRODUCT = YES;
			};
			name = Release;
		};
		8F9A10941E96F49E004D28EF /* Debug */ = {
			isa = XCBuildConfiguration;
			buildSettings = {
				ASSETCATALOG_COMPILER_APPICON_NAME = AppIcon;
				INFOPLIST_FILE = iYelp/Info.plist;
				LD_RUNPATH_SEARCH_PATHS = "$(inherited) @executable_path/Frameworks";
				PRODUCT_BUNDLE_IDENTIFIER = anusha.iYelp;
				PRODUCT_NAME = "$(TARGET_NAME)";
				SWIFT_VERSION = 3.0;
			};
			name = Debug;
		};
		8F9A10951E96F49E004D28EF /* Release */ = {
			isa = XCBuildConfiguration;
			buildSettings = {
				ASSETCATALOG_COMPILER_APPICON_NAME = AppIcon;
				INFOPLIST_FILE = iYelp/Info.plist;
				LD_RUNPATH_SEARCH_PATHS = "$(inherited) @executable_path/Frameworks";
				PRODUCT_BUNDLE_IDENTIFIER = anusha.iYelp;
				PRODUCT_NAME = "$(TARGET_NAME)";
				SWIFT_VERSION = 3.0;
			};
			name = Release;
		};
/* End XCBuildConfiguration section */

/* Begin XCConfigurationList section */
		8F9A10791E96F49E004D28EF /* Build configuration list for PBXProject "iYelp" */ = {
			isa = XCConfigurationList;
			buildConfigurations = (
				8F9A10911E96F49E004D28EF /* Debug */,
				8F9A10921E96F49E004D28EF /* Release */,
			);
			defaultConfigurationIsVisible = 0;
			defaultConfigurationName = Release;
		};
		8F9A10931E96F49E004D28EF /* Build configuration list for PBXNativeTarget "iYelp" */ = {
			isa = XCConfigurationList;
			buildConfigurations = (
				8F9A10941E96F49E004D28EF /* Debug */,
				8F9A10951E96F49E004D28EF /* Release */,
			);
			defaultConfigurationIsVisible = 0;
		};
/* End XCConfigurationList section */

/* Begin XCVersionGroup section */
		8F9A10881E96F49E004D28EF /* iYelp.xcdatamodeld */ = {
			isa = XCVersionGroup;
			children = (
				8F9A10891E96F49E004D28EF /* iYelp.xcdatamodel */,
			);
			currentVersion = 8F9A10891E96F49E004D28EF /* iYelp.xcdatamodel */;
			path = iYelp.xcdatamodeld;
			sourceTree = "<group>";
			versionGroupType = wrapper.xcdatamodel;
		};
/* End XCVersionGroup section */
	};
	rootObject = 8F9A10761E96F49E004D28EF /* Project object */;
}
