// !$*UTF8*$!
{
	archiveVersion = 1;
	classes = {
	};
	objectVersion = 46;
	objects = {

/* Begin PBXBuildFile section */
		8F196A2A1E9AF82B00A634F6 /* map-3x.png in Resources */ = {isa = PBXBuildFile; fileRef = 8F196A291E9AF82B00A634F6 /* map-3x.png */; };
		8F196A2C1E9AFA5A00A634F6 /* MapViewController.swift in Sources */ = {isa = PBXBuildFile; fileRef = 8F196A2B1E9AFA5A00A634F6 /* MapViewController.swift */; };
		8F1D054F1E96F624006749C9 /* YelpClient.swift in Sources */ = {isa = PBXBuildFile; fileRef = 8F1D054E1E96F624006749C9 /* YelpClient.swift */; };
		8F1D05511E96F649006749C9 /* Business.swift in Sources */ = {isa = PBXBuildFile; fileRef = 8F1D05501E96F649006749C9 /* Business.swift */; };
		8F712B191E97101000DE429E /* YelpTableViewCell.swift in Sources */ = {isa = PBXBuildFile; fileRef = 8F712B181E97101000DE429E /* YelpTableViewCell.swift */; };
		8F712B1B1E975C3C00DE429E /* FilterTableViewController.swift in Sources */ = {isa = PBXBuildFile; fileRef = 8F712B1A1E975C3C00DE429E /* FilterTableViewController.swift */; };
		8F712B1D1E98155A00DE429E /* OfferDealCell.swift in Sources */ = {isa = PBXBuildFile; fileRef = 8F712B1C1E98155A00DE429E /* OfferDealCell.swift */; };
		8F712B1F1E9815A100DE429E /* DistanceCell.swift in Sources */ = {isa = PBXBuildFile; fileRef = 8F712B1E1E9815A100DE429E /* DistanceCell.swift */; };
		8F712B211E9815D500DE429E /* SortByCell.swift in Sources */ = {isa = PBXBuildFile; fileRef = 8F712B201E9815D500DE429E /* SortByCell.swift */; };
		8F712B231E98161000DE429E /* CategoryCell.swift in Sources */ = {isa = PBXBuildFile; fileRef = 8F712B221E98161000DE429E /* CategoryCell.swift */; };
		8F9A10821E96F49E004D28EF /* AppDelegate.swift in Sources */ = {isa = PBXBuildFile; fileRef = 8F9A10811E96F49E004D28EF /* AppDelegate.swift */; };
		8F9A10841E96F49E004D28EF /* BusinessesViewController.swift in Sources */ = {isa = PBXBuildFile; fileRef = 8F9A10831E96F49E004D28EF /* BusinessesViewController.swift */; };
		8F9A10871E96F49E004D28EF /* Main.storyboard in Resources */ = {isa = PBXBuildFile; fileRef = 8F9A10851E96F49E004D28EF /* Main.storyboard */; };
		8F9A108A1E96F49E004D28EF /* iYelp.xcdatamodeld in Sources */ = {isa = PBXBuildFile; fileRef = 8F9A10881E96F49E004D28EF /* iYelp.xcdatamodeld */; };
		8F9A108C1E96F49E004D28EF /* Assets.xcassets in Resources */ = {isa = PBXBuildFile; fileRef = 8F9A108B1E96F49E004D28EF /* Assets.xcassets */; };
		8F9A108F1E96F49E004D28EF /* LaunchScreen.storyboard in Resources */ = {isa = PBXBuildFile; fileRef = 8F9A108D1E96F49E004D28EF /* LaunchScreen.storyboard */; };
		8FC693AB1E985C5500BD9509 /* DataFile.swift in Sources */ = {isa = PBXBuildFile; fileRef = 8FC693AA1E985C5500BD9509 /* DataFile.swift */; };
		9B80B5FF7403032F6A397BE5 /* Pods_iYelp.framework in Frameworks */ = {isa = PBXBuildFile; fileRef = CC5D8ECFEA57FE5EE76B170A /* Pods_iYelp.framework */; };
/* End PBXBuildFile section */

/* Begin PBXFileReference section */
		8F196A291E9AF82B00A634F6 /* map-3x.png */ = {isa = PBXFileReference; lastKnownFileType = image.png; path = "map-3x.png"; sourceTree = "<group>"; };
		8F196A2B1E9AFA5A00A634F6 /* MapViewController.swift */ = {isa = PBXFileReference; fileEncoding = 4; lastKnownFileType = sourcecode.swift; path = MapViewController.swift; sourceTree = "<group>"; };
		8F1D054E1E96F624006749C9 /* YelpClient.swift */ = {isa = PBXFileReference; fileEncoding = 4; lastKnownFileType = sourcecode.swift; path = YelpClient.swift; sourceTree = "<group>"; };
		8F1D05501E96F649006749C9 /* Business.swift */ = {isa = PBXFileReference; fileEncoding = 4; lastKnownFileType = sourcecode.swift; path = Business.swift; sourceTree = "<group>"; };
		8F712B181E97101000DE429E /* YelpTableViewCell.swift */ = {isa = PBXFileReference; fileEncoding = 4; lastKnownFileType = sourcecode.swift; path = YelpTableViewCell.swift; sourceTree = "<group>"; };
		8F712B1A1E975C3C00DE429E /* FilterTableViewController.swift */ = {isa = PBXFileReference; fileEncoding = 4; lastKnownFileType = sourcecode.swift; path = FilterTableViewController.swift; sourceTree = "<group>"; };
		8F712B1C1E98155A00DE429E /* OfferDealCell.swift */ = {isa = PBXFileReference; fileEncoding = 4; lastKnownFileType = sourcecode.swift; path = OfferDealCell.swift; sourceTree = "<group>"; };
		8F712B1E1E9815A100DE429E /* DistanceCell.swift */ = {isa = PBXFileReference; fileEncoding = 4; lastKnownFileType = sourcecode.swift; path = DistanceCell.swift; sourceTree = "<group>"; };
		8F712B201E9815D500DE429E /* SortByCell.swift */ = {isa = PBXFileReference; fileEncoding = 4; lastKnownFileType = sourcecode.swift; path = SortByCell.swift; sourceTree = "<group>"; };
		8F712B221E98161000DE429E /* CategoryCell.swift */ = {isa = PBXFileReference; fileEncoding = 4; lastKnownFileType = sourcecode.swift; path = CategoryCell.swift; sourceTree = "<group>"; };
		8F9A107E1E96F49E004D28EF /* iYelp.app */ = {isa = PBXFileReference; explicitFileType = wrapper.application; includeInIndex = 0; path = iYelp.app; sourceTree = BUILT_PRODUCTS_DIR; };
		8F9A10811E96F49E004D28EF /* AppDelegate.swift */ = {isa = PBXFileReference; lastKnownFileType = sourcecode.swift; path = AppDelegate.swift; sourceTree = "<group>"; };
		8F9A10831E96F49E004D28EF /* BusinessesViewController.swift */ = {isa = PBXFileReference; lastKnownFileType = sourcecode.swift; path = BusinessesViewController.swift; sourceTree = "<group>"; };
		8F9A10861E96F49E004D28EF /* Base */ = {isa = PBXFileReference; lastKnownFileType = file.storyboard; name = Base; path = Base.lproj/Main.storyboard; sourceTree = "<group>"; };
		8F9A10891E96F49E004D28EF /* iYelp.xcdatamodel */ = {isa = PBXFileReference; lastKnownFileType = wrapper.xcdatamodel; path = iYelp.xcdatamodel; sourceTree = "<group>"; };
		8F9A108B1E96F49E004D28EF /* Assets.xcassets */ = {isa = PBXFileReference; lastKnownFileType = folder.assetcatalog; path = Assets.xcassets; sourceTree = "<group>"; };
		8F9A108E1E96F49E004D28EF /* Base */ = {isa = PBXFileReference; lastKnownFileType = file.storyboard; name = Base; path = Base.lproj/LaunchScreen.storyboard; sourceTree = "<group>"; };
		8F9A10901E96F49E004D28EF /* Info.plist */ = {isa = PBXFileReference; lastKnownFileType = text.plist.xml; path = Info.plist; sourceTree = "<group>"; };
		8FC693AA1E985C5500BD9509 /* DataFile.swift */ = {isa = PBXFileReference; fileEncoding = 4; lastKnownFileType = sourcecode.swift; path = DataFile.swift; sourceTree = "<group>"; };
		A30F65AE61EF75504853E9C2 /* Pods-iYelp.debug.xcconfig */ = {isa = PBXFileReference; includeInIndex = 1; lastKnownFileType = text.xcconfig; name = "Pods-iYelp.debug.xcconfig"; path = "Pods/Target Support Files/Pods-iYelp/Pods-iYelp.debug.xcconfig"; sourceTree = "<group>"; };
		CC5D8ECFEA57FE5EE76B170A /* Pods_iYelp.framework */ = {isa = PBXFileReference; explicitFileType = wrapper.framework; includeInIndex = 0; path = Pods_iYelp.framework; sourceTree = BUILT_PRODUCTS_DIR; };
		E24CD49EFC10FA2D54A34E14 /* Pods-iYelp.release.xcconfig */ = {isa = PBXFileReference; includeInIndex = 1; lastKnownFileType = text.xcconfig; name = "Pods-iYelp.release.xcconfig"; path = "Pods/Target Support Files/Pods-iYelp/Pods-iYelp.release.xcconfig"; sourceTree = "<group>"; };
/* End PBXFileReference section */

/* Begin PBXFrameworksBuildPhase section */
		8F9A107B1E96F49E004D28EF /* Frameworks */ = {
			isa = PBXFrameworksBuildPhase;
			buildActionMask = 2147483647;
			files = (
				9B80B5FF7403032F6A397BE5 /* Pods_iYelp.framework in Frameworks */,
			);
			runOnlyForDeploymentPostprocessing = 0;
		};
/* End PBXFrameworksBuildPhase section */

/* Begin PBXGroup section */
		09A3E6F3169050685A2DA72F /* Frameworks */ = {
			isa = PBXGroup;
			children = (
				CC5D8ECFEA57FE5EE76B170A /* Pods_iYelp.framework */,
			);
			name = Frameworks;
			sourceTree = "<group>";
		};
		8F196A281E9AF79500A634F6 /* Images */ = {
			isa = PBXGroup;
			children = (
				8F196A291E9AF82B00A634F6 /* map-3x.png */,
			);
			name = Images;
			sourceTree = "<group>";
		};
		8F9A10751E96F49E004D28EF = {
			isa = PBXGroup;
			children = (
				8F9A10801E96F49E004D28EF /* iYelp */,
				8F9A107F1E96F49E004D28EF /* Products */,
				E090E3E645FCE3D11A3CCC29 /* Pods */,
				09A3E6F3169050685A2DA72F /* Frameworks */,
			);
			sourceTree = "<group>";
		};
		8F9A107F1E96F49E004D28EF /* Products */ = {
			isa = PBXGroup;
			children = (
				8F9A107E1E96F49E004D28EF /* iYelp.app */,
			);
			name = Products;
			sourceTree = "<group>";
		};
		8F9A10801E96F49E004D28EF /* iYelp */ = {
			isa = PBXGroup;
			children = (
				8F196A281E9AF79500A634F6 /* Images */,
				8F9A10971E96F5A5004D28EF /* Models */,
				8F9A10961E96F5A1004D28EF /* API */,
				8F9A10811E96F49E004D28EF /* AppDelegate.swift */,
				8F9A10831E96F49E004D28EF /* BusinessesViewController.swift */,
				8F9A10851E96F49E004D28EF /* Main.storyboard */,
				8F9A108B1E96F49E004D28EF /* Assets.xcassets */,
				8F9A108D1E96F49E004D28EF /* LaunchScreen.storyboard */,
				8F9A10901E96F49E004D28EF /* Info.plist */,
				8F9A10881E96F49E004D28EF /* iYelp.xcdatamodeld */,
				8F712B181E97101000DE429E /* YelpTableViewCell.swift */,
				8F712B1A1E975C3C00DE429E /* FilterTableViewController.swift */,
				8F712B1C1E98155A00DE429E /* OfferDealCell.swift */,
				8F712B1E1E9815A100DE429E /* DistanceCell.swift */,
				8F712B201E9815D500DE429E /* SortByCell.swift */,
				8F712B221E98161000DE429E /* CategoryCell.swift */,
				8FC693AA1E985C5500BD9509 /* DataFile.swift */,
				8F196A2B1E9AFA5A00A634F6 /* MapViewController.swift */,
			);
			path = iYelp;
			sourceTree = "<group>";
		};
		8F9A10961E96F5A1004D28EF /* API */ = {
			isa = PBXGroup;
			children = (
				8F1D054E1E96F624006749C9 /* YelpClient.swift */,
			);
			name = API;
			sourceTree = "<group>";
		};
		8F9A10971E96F5A5004D28EF /* Models */ = {
			isa = PBXGroup;
			children = (
				8F1D05501E96F649006749C9 /* Business.swift */,
			);
			name = Models;
			sourceTree = "<group>";
		};
		E090E3E645FCE3D11A3CCC29 /* Pods */ = {
			isa = PBXGroup;
			children = (
				A30F65AE61EF75504853E9C2 /* Pods-iYelp.debug.xcconfig */,
				E24CD49EFC10FA2D54A34E14 /* Pods-iYelp.release.xcconfig */,
			);
			name = Pods;
			sourceTree = "<group>";
		};
/* End PBXGroup section */

/* Begin PBXNativeTarget section */
		8F9A107D1E96F49E004D28EF /* iYelp */ = {
			isa = PBXNativeTarget;
			buildConfigurationList = 8F9A10931E96F49E004D28EF /* Build configuration list for PBXNativeTarget "iYelp" */;
			buildPhases = (
				C0DAF99130666781EC993DFC /* [CP] Check Pods Manifest.lock */,
				8F9A107A1E96F49E004D28EF /* Sources */,
				8F9A107B1E96F49E004D28EF /* Frameworks */,
				8F9A107C1E96F49E004D28EF /* Resources */,
				8641C5D91A87779E26D82611 /* [CP] Embed Pods Frameworks */,
				EFE846CF5432ABBFD3B183FB /* [CP] Copy Pods Resources */,
			);
			buildRules = (
			);
			dependencies = (
			);
			name = iYelp;
			productName = iYelp;
			productReference = 8F9A107E1E96F49E004D28EF /* iYelp.app */;
			productType = "com.apple.product-type.application";
		};
/* End PBXNativeTarget section */

/* Begin PBXProject section */
		8F9A10761E96F49E004D28EF /* Project object */ = {
			isa = PBXProject;
			attributes = {
				LastSwiftUpdateCheck = 0820;
				LastUpgradeCheck = 0820;
				ORGANIZATIONNAME = "Anusha Kopparam";
				TargetAttributes = {
					8F9A107D1E96F49E004D28EF = {
						CreatedOnToolsVersion = 8.2.1;
						ProvisioningStyle = Automatic;
					};
				};
			};
			buildConfigurationList = 8F9A10791E96F49E004D28EF /* Build configuration list for PBXProject "iYelp" */;
			compatibilityVersion = "Xcode 3.2";
			developmentRegion = English;
			hasScannedForEncodings = 0;
			knownRegions = (
				en,
				Base,
			);
			mainGroup = 8F9A10751E96F49E004D28EF;
			productRefGroup = 8F9A107F1E96F49E004D28EF /* Products */;
			projectDirPath = "";
			projectRoot = "";
			targets = (
				8F9A107D1E96F49E004D28EF /* iYelp */,
			);
		};
/* End PBXProject section */

/* Begin PBXResourcesBuildPhase section */
		8F9A107C1E96F49E004D28EF /* Resources */ = {
			isa = PBXResourcesBuildPhase;
			buildActionMask = 2147483647;
			files = (
				8F9A108F1E96F49E004D28EF /* LaunchScreen.storyboard in Resources */,
				8F9A108C1E96F49E004D28EF /* Assets.xcassets in Resources */,
				8F9A10871E96F49E004D28EF /* Main.storyboard in Resources */,
				8F196A2A1E9AF82B00A634F6 /* map-3x.png in Resources */,
			);
			runOnlyForDeploymentPostprocessing = 0;
		};
/* End PBXResourcesBuildPhase section */

/* Begin PBXShellScriptBuildPhase section */
		8641C5D91A87779E26D82611 /* [CP] Embed Pods Frameworks */ = {
			isa = PBXShellScriptBuildPhase;
			buildActionMask = 2147483647;
			files = (
			);
			inputPaths = (
			);
			name = "[CP] Embed Pods Frameworks";
			outputPaths = (
			);
			runOnlyForDeploymentPostprocessing = 0;
			shellPath = /bin/sh;
			shellScript = "\"${SRCROOT}/Pods/Target Support Files/Pods-iYelp/Pods-iYelp-frameworks.sh\"\n";
			showEnvVarsInLog = 0;
		};
		C0DAF99130666781EC993DFC /* [CP] Check Pods Manifest.lock */ = {
			isa = PBXShellScriptBuildPhase;
			buildActionMask = 2147483647;
			files = (
			);
			inputPaths = (
			);
			name = "[CP] Check Pods Manifest.lock";
			outputPaths = (
			);
			runOnlyForDeploymentPostprocessing = 0;
			shellPath = /bin/sh;
			shellScript = "diff \"${PODS_ROOT}/../Podfile.lock\" \"${PODS_ROOT}/Manifest.lock\" > /dev/null\nif [ $? != 0 ] ; then\n    # print error to STDERR\n    echo \"error: The sandbox is not in sync with the Podfile.lock. Run 'pod install' or update your CocoaPods installation.\" >&2\n    exit 1\nfi\n";
			showEnvVarsInLog = 0;
		};
		EFE846CF5432ABBFD3B183FB /* [CP] Copy Pods Resources */ = {
			isa = PBXShellScriptBuildPhase;
			buildActionMask = 2147483647;
			files = (
			);
			inputPaths = (
			);
			name = "[CP] Copy Pods Resources";
			outputPaths = (
			);
			runOnlyForDeploymentPostprocessing = 0;
			shellPath = /bin/sh;
			shellScript = "\"${SRCROOT}/Pods/Target Support Files/Pods-iYelp/Pods-iYelp-resources.sh\"\n";
			showEnvVarsInLog = 0;
		};
/* End PBXShellScriptBuildPhase section */

/* Begin PBXSourcesBuildPhase section */
		8F9A107A1E96F49E004D28EF /* Sources */ = {
			isa = PBXSourcesBuildPhase;
			buildActionMask = 2147483647;
			files = (
				8F1D054F1E96F624006749C9 /* YelpClient.swift in Sources */,
				8F9A10841E96F49E004D28EF /* BusinessesViewController.swift in Sources */,
				8F712B211E9815D500DE429E /* SortByCell.swift in Sources */,
				8F9A108A1E96F49E004D28EF /* iYelp.xcdatamodeld in Sources */,
				8F712B1F1E9815A100DE429E /* DistanceCell.swift in Sources */,
				8F712B191E97101000DE429E /* YelpTableViewCell.swift in Sources */,
				8F196A2C1E9AFA5A00A634F6 /* MapViewController.swift in Sources */,
				8F712B1B1E975C3C00DE429E /* FilterTableViewController.swift in Sources */,
				8F1D05511E96F649006749C9 /* Business.swift in Sources */,
				8F712B1D1E98155A00DE429E /* OfferDealCell.swift in Sources */,
				8FC693AB1E985C5500BD9509 /* DataFile.swift in Sources */,
				8F9A10821E96F49E004D28EF /* AppDelegate.swift in Sources */,
				8F712B231E98161000DE429E /* CategoryCell.swift in Sources */,
			);
			runOnlyForDeploymentPostprocessing = 0;
		};
/* End PBXSourcesBuildPhase section */

/* Begin PBXVariantGroup section */
		8F9A10851E96F49E004D28EF /* Main.storyboard */ = {
			isa = PBXVariantGroup;
			children = (
				8F9A10861E96F49E004D28EF /* Base */,
			);
			name = Main.storyboard;
			sourceTree = "<group>";
		};
		8F9A108D1E96F49E004D28EF /* LaunchScreen.storyboard */ = {
			isa = PBXVariantGroup;
			children = (
				8F9A108E1E96F49E004D28EF /* Base */,
			);
			name = LaunchScreen.storyboard;
			sourceTree = "<group>";
		};
/* End PBXVariantGroup section */

/* Begin XCBuildConfiguration section */
		8F9A10911E96F49E004D28EF /* Debug */ = {
			isa = XCBuildConfiguration;
			buildSettings = {
				ALWAYS_SEARCH_USER_PATHS = NO;
				CLANG_ANALYZER_NONNULL = YES;
				CLANG_CXX_LANGUAGE_STANDARD = "gnu++0x";
				CLANG_CXX_LIBRARY = "libc++";
				CLANG_ENABLE_MODULES = YES;
				CLANG_ENABLE_OBJC_ARC = YES;
				CLANG_WARN_BOOL_CONVERSION = YES;
				CLANG_WARN_CONSTANT_CONVERSION = YES;
				CLANG_WARN_DIRECT_OBJC_ISA_USAGE = YES_ERROR;
				CLANG_WARN_DOCUMENTATION_COMMENTS = YES;
				CLANG_WARN_EMPTY_BODY = YES;
				CLANG_WARN_ENUM_CONVERSION = YES;
				CLANG_WARN_INFINITE_RECURSION = YES;
				CLANG_WARN_INT_CONVERSION = YES;
				CLANG_WARN_OBJC_ROOT_CLASS = YES_ERROR;
				CLANG_WARN_SUSPICIOUS_MOVE = YES;
				CLANG_WARN_UNREACHABLE_CODE = YES;
				CLANG_WARN__DUPLICATE_METHOD_MATCH = YES;
				"CODE_SIGN_IDENTITY[sdk=iphoneos*]" = "iPhone Developer";
				COPY_PHASE_STRIP = NO;
				DEBUG_INFORMATION_FORMAT = dwarf;
				ENABLE_STRICT_OBJC_MSGSEND = YES;
				ENABLE_TESTABILITY = YES;
				GCC_C_LANGUAGE_STANDARD = gnu99;
				GCC_DYNAMIC_NO_PIC = NO;
				GCC_NO_COMMON_BLOCKS = YES;
				GCC_OPTIMIZATION_LEVEL = 0;
				GCC_PREPROCESSOR_DEFINITIONS = (
					"DEBUG=1",
					"$(inherited)",
				);
				GCC_WARN_64_TO_32_BIT_CONVERSION = YES;
				GCC_WARN_ABOUT_RETURN_TYPE = YES_ERROR;
				GCC_WARN_UNDECLARED_SELECTOR = YES;
				GCC_WARN_UNINITIALIZED_AUTOS = YES_AGGRESSIVE;
				GCC_WARN_UNUSED_FUNCTION = YES;
				GCC_WARN_UNUSED_VARIABLE = YES;
				IPHONEOS_DEPLOYMENT_TARGET = 10.2;
				MTL_ENABLE_DEBUG_INFO = YES;
				ONLY_ACTIVE_ARCH = YES;
				SDKROOT = iphoneos;
				SWIFT_ACTIVE_COMPILATION_CONDITIONS = DEBUG;
				SWIFT_OPTIMIZATION_LEVEL = "-Onone";
				TARGETED_DEVICE_FAMILY = "1,2";
			};
			name = Debug;
		};
		8F9A10921E96F49E004D28EF /* Release */ = {
			isa = XCBuildConfiguration;
			buildSettings = {
				ALWAYS_SEARCH_USER_PATHS = NO;
				CLANG_ANALYZER_NONNULL = YES;
				CLANG_CXX_LANGUAGE_STANDARD = "gnu++0x";
				CLANG_CXX_LIBRARY = "libc++";
				CLANG_ENABLE_MODULES = YES;
				CLANG_ENABLE_OBJC_ARC = YES;
				CLANG_WARN_BOOL_CONVERSION = YES;
				CLANG_WARN_CONSTANT_CONVERSION = YES;
				CLANG_WARN_DIRECT_OBJC_ISA_USAGE = YES_ERROR;
				CLANG_WARN_DOCUMENTATION_COMMENTS = YES;
				CLANG_WARN_EMPTY_BODY = YES;
				CLANG_WARN_ENUM_CONVERSION = YES;
				CLANG_WARN_INFINITE_RECURSION = YES;
				CLANG_WARN_INT_CONVERSION = YES;
				CLANG_WARN_OBJC_ROOT_CLASS = YES_ERROR;
				CLANG_WARN_SUSPICIOUS_MOVE = YES;
				CLANG_WARN_UNREACHABLE_CODE = YES;
				CLANG_WARN__DUPLICATE_METHOD_MATCH = YES;
				"CODE_SIGN_IDENTITY[sdk=iphoneos*]" = "iPhone Developer";
				COPY_PHASE_STRIP = NO;
				DEBUG_INFORMATION_FORMAT = "dwarf-with-dsym";
				ENABLE_NS_ASSERTIONS = NO;
				ENABLE_STRICT_OBJC_MSGSEND = YES;
				GCC_C_LANGUAGE_STANDARD = gnu99;
				GCC_NO_COMMON_BLOCKS = YES;
				GCC_WARN_64_TO_32_BIT_CONVERSION = YES;
				GCC_WARN_ABOUT_RETURN_TYPE = YES_ERROR;
				GCC_WARN_UNDECLARED_SELECTOR = YES;
				GCC_WARN_UNINITIALIZED_AUTOS = YES_AGGRESSIVE;
				GCC_WARN_UNUSED_FUNCTION = YES;
				GCC_WARN_UNUSED_VARIABLE = YES;
				IPHONEOS_DEPLOYMENT_TARGET = 10.2;
				MTL_ENABLE_DEBUG_INFO = NO;
				SDKROOT = iphoneos;
				SWIFT_OPTIMIZATION_LEVEL = "-Owholemodule";
				TARGETED_DEVICE_FAMILY = "1,2";
				VALIDATE_PRODUCT = YES;
			};
			name = Release;
		};
		8F9A10941E96F49E004D28EF /* Debug */ = {
			isa = XCBuildConfiguration;
			baseConfigurationReference = A30F65AE61EF75504853E9C2 /* Pods-iYelp.debug.xcconfig */;
			buildSettings = {
				ASSETCATALOG_COMPILER_APPICON_NAME = AppIcon;
				INFOPLIST_FILE = iYelp/Info.plist;
				LD_RUNPATH_SEARCH_PATHS = "$(inherited) @executable_path/Frameworks";
				PRODUCT_BUNDLE_IDENTIFIER = anusha.iYelp;
				PRODUCT_NAME = "$(TARGET_NAME)";
				SWIFT_VERSION = 3.0;
			};
			name = Debug;
		};
		8F9A10951E96F49E004D28EF /* Release */ = {
			isa = XCBuildConfiguration;
			baseConfigurationReference = E24CD49EFC10FA2D54A34E14 /* Pods-iYelp.release.xcconfig */;
			buildSettings = {
				ASSETCATALOG_COMPILER_APPICON_NAME = AppIcon;
				INFOPLIST_FILE = iYelp/Info.plist;
				LD_RUNPATH_SEARCH_PATHS = "$(inherited) @executable_path/Frameworks";
				PRODUCT_BUNDLE_IDENTIFIER = anusha.iYelp;
				PRODUCT_NAME = "$(TARGET_NAME)";
				SWIFT_VERSION = 3.0;
			};
			name = Release;
		};
/* End XCBuildConfiguration section */

/* Begin XCConfigurationList section */
		8F9A10791E96F49E004D28EF /* Build configuration list for PBXProject "iYelp" */ = {
			isa = XCConfigurationList;
			buildConfigurations = (
				8F9A10911E96F49E004D28EF /* Debug */,
				8F9A10921E96F49E004D28EF /* Release */,
			);
			defaultConfigurationIsVisible = 0;
			defaultConfigurationName = Release;
		};
		8F9A10931E96F49E004D28EF /* Build configuration list for PBXNativeTarget "iYelp" */ = {
			isa = XCConfigurationList;
			buildConfigurations = (
				8F9A10941E96F49E004D28EF /* Debug */,
				8F9A10951E96F49E004D28EF /* Release */,
			);
			defaultConfigurationIsVisible = 0;
			defaultConfigurationName = Release;
		};
/* End XCConfigurationList section */

/* Begin XCVersionGroup section */
		8F9A10881E96F49E004D28EF /* iYelp.xcdatamodeld */ = {
			isa = XCVersionGroup;
			children = (
				8F9A10891E96F49E004D28EF /* iYelp.xcdatamodel */,
			);
			currentVersion = 8F9A10891E96F49E004D28EF /* iYelp.xcdatamodel */;
			path = iYelp.xcdatamodeld;
			sourceTree = "<group>";
			versionGroupType = wrapper.xcdatamodel;
		};
/* End XCVersionGroup section */
	};
	rootObject = 8F9A10761E96F49E004D28EF /* Project object */;
}
